
Microsoft Visual Studio Solution File, Format Version 12.00
# Visual Studio Version 17
VisualStudioVersion = 17.9.34616.47
MinimumVisualStudioVersion = 10.0.40219.1
Project("{FAE04EC0-301F-11D3-BF4B-00C04F79EFBC}") = "Hotel Management", "Hotel Management\Hotel Management.csproj", "{13A87E3C-9D2D-4EAB-8323-A9B98F51A37D}"
EndProject
Global
	GlobalSection(SolutionConfigurationPlatforms) = preSolution
		Debug|Any CPU = Debug|Any CPU
		Release|Any CPU = Release|Any CPU
	EndGlobalSection
	GlobalSection(ProjectConfigurationPlatforms) = postSolution
		{13A87E3C-9D2D-4EAB-8323-A9B98F51A37D}.Debug|Any CPU.ActiveCfg = Debug|Any CPU
		{13A87E3C-9D2D-4EAB-8323-A9B98F51A37D}.Debug|Any CPU.Build.0 = Debug|Any CPU
		{13A87E3C-9D2D-4EAB-8323-A9B98F51A37D}.Release|Any CPU.ActiveCfg = Release|Any CPU
		{13A87E3C-9D2D-4EAB-8323-A9B98F51A37D}.Release|Any CPU.Build.0 = Release|Any CPU
	EndGlobalSection
	GlobalSection(SolutionProperties) = preSolution
		HideSolutionNode = FALSE
	EndGlobalSection
	GlobalSection(ExtensibilityGlobals) = postSolution
		SolutionGuid = {70B9CB20-A2E1-4E42-BD41-15F69C2CBF8D}
	EndGlobalSection
EndGlobal
